// !$*UTF8*$!
{
	archiveVersion = 1;
	classes = {
	};
	objectVersion = 50;
	objects = {

/* Begin PBXBuildFile section */
		791DD02B21BC4BDF009BDCFA /* AppDelegate.swift in Sources */ = {isa = PBXBuildFile; fileRef = 791DD02A21BC4BDF009BDCFA /* AppDelegate.swift */; };
		791DD02D21BC4BDF009BDCFA /* ToDoListViewController.swift in Sources */ = {isa = PBXBuildFile; fileRef = 791DD02C21BC4BDF009BDCFA /* ToDoListViewController.swift */; };
		791DD03021BC4BDF009BDCFA /* Main.storyboard in Resources */ = {isa = PBXBuildFile; fileRef = 791DD02E21BC4BDF009BDCFA /* Main.storyboard */; };
		791DD03221BC4BE1009BDCFA /* Assets.xcassets in Resources */ = {isa = PBXBuildFile; fileRef = 791DD03121BC4BE1009BDCFA /* Assets.xcassets */; };
		791DD03521BC4BE1009BDCFA /* LaunchScreen.storyboard in Resources */ = {isa = PBXBuildFile; fileRef = 791DD03321BC4BE1009BDCFA /* LaunchScreen.storyboard */; };
		794229A121BECA8300DBE60B /* Item.swift in Sources */ = {isa = PBXBuildFile; fileRef = 794229A021BECA8300DBE60B /* Item.swift */; };
/* End PBXBuildFile section */

/* Begin PBXFileReference section */
		791DD02721BC4BDF009BDCFA /* Todoey.app */ = {isa = PBXFileReference; explicitFileType = wrapper.application; includeInIndex = 0; path = Todoey.app; sourceTree = BUILT_PRODUCTS_DIR; };
		791DD02A21BC4BDF009BDCFA /* AppDelegate.swift */ = {isa = PBXFileReference; lastKnownFileType = sourcecode.swift; path = AppDelegate.swift; sourceTree = "<group>"; };
		791DD02C21BC4BDF009BDCFA /* ToDoListViewController.swift */ = {isa = PBXFileReference; lastKnownFileType = sourcecode.swift; path = ToDoListViewController.swift; sourceTree = "<group>"; };
		791DD02F21BC4BDF009BDCFA /* Base */ = {isa = PBXFileReference; lastKnownFileType = file.storyboard; name = Base; path = Base.lproj/Main.storyboard; sourceTree = "<group>"; };
		791DD03121BC4BE1009BDCFA /* Assets.xcassets */ = {isa = PBXFileReference; lastKnownFileType = folder.assetcatalog; path = Assets.xcassets; sourceTree = "<group>"; };
		791DD03421BC4BE1009BDCFA /* Base */ = {isa = PBXFileReference; lastKnownFileType = file.storyboard; name = Base; path = Base.lproj/LaunchScreen.storyboard; sourceTree = "<group>"; };
		791DD03621BC4BE1009BDCFA /* Info.plist */ = {isa = PBXFileReference; lastKnownFileType = text.plist.xml; path = Info.plist; sourceTree = "<group>"; };
		794229A021BECA8300DBE60B /* Item.swift */ = {isa = PBXFileReference; lastKnownFileType = sourcecode.swift; path = Item.swift; sourceTree = "<group>"; };
/* End PBXFileReference section */

/* Begin PBXFrameworksBuildPhase section */
		791DD02421BC4BDF009BDCFA /* Frameworks */ = {
			isa = PBXFrameworksBuildPhase;
			buildActionMask = 2147483647;
			files = (
			);
			runOnlyForDeploymentPostprocessing = 0;
		};
/* End PBXFrameworksBuildPhase section */

/* Begin PBXGroup section */
		791DD01E21BC4BDE009BDCFA = {
			isa = PBXGroup;
			children = (
				791DD02921BC4BDF009BDCFA /* Todoey */,
				791DD02821BC4BDF009BDCFA /* Products */,
			);
			sourceTree = "<group>";
		};
		791DD02821BC4BDF009BDCFA /* Products */ = {
			isa = PBXGroup;
			children = (
				791DD02721BC4BDF009BDCFA /* Todoey.app */,
			);
			name = Products;
			sourceTree = "<group>";
		};
		791DD02921BC4BDF009BDCFA /* Todoey */ = {
			isa = PBXGroup;
			children = (
				791DD02A21BC4BDF009BDCFA /* AppDelegate.swift */,
				794229A221BF003D00DBE60B /* Controllers */,
				7942299F21BECA2800DBE60B /* Data Model */,
				794229A321BF004D00DBE60B /* Views */,
				794229A421BF00D300DBE60B /* Supporting Files */,
				791DD03621BC4BE1009BDCFA /* Info.plist */,
			);
			path = Todoey;
			sourceTree = "<group>";
		};
		7942299F21BECA2800DBE60B /* Data Model */ = {
			isa = PBXGroup;
			children = (
				794229A021BECA8300DBE60B /* Item.swift */,
			);
			path = "Data Model";
			sourceTree = "<group>";
		};
		794229A221BF003D00DBE60B /* Controllers */ = {
			isa = PBXGroup;
			children = (
				791DD02C21BC4BDF009BDCFA /* ToDoListViewController.swift */,
			);
			path = Controllers;
			sourceTree = "<group>";
		};
		794229A321BF004D00DBE60B /* Views */ = {
			isa = PBXGroup;
			children = (
				791DD02E21BC4BDF009BDCFA /* Main.storyboard */,
			);
			path = Views;
			sourceTree = "<group>";
		};
		794229A421BF00D300DBE60B /* Supporting Files */ = {
			isa = PBXGroup;
			children = (
				791DD03121BC4BE1009BDCFA /* Assets.xcassets */,
				791DD03321BC4BE1009BDCFA /* LaunchScreen.storyboard */,
			);
			path = "Supporting Files";
			sourceTree = "<group>";
		};
/* End PBXGroup section */

/* Begin PBXNativeTarget section */
		791DD02621BC4BDF009BDCFA /* Todoey */ = {
			isa = PBXNativeTarget;
			buildConfigurationList = 791DD03921BC4BE1009BDCFA /* Build configuration list for PBXNativeTarget "Todoey" */;
			buildPhases = (
				791DD02321BC4BDF009BDCFA /* Sources */,
				791DD02421BC4BDF009BDCFA /* Frameworks */,
				791DD02521BC4BDF009BDCFA /* Resources */,
			);
			buildRules = (
			);
			dependencies = (
			);
			name = Todoey;
			productName = Todoey;
			productReference = 791DD02721BC4BDF009BDCFA /* Todoey.app */;
			productType = "com.apple.product-type.application";
		};
/* End PBXNativeTarget section */

/* Begin PBXProject section */
		791DD01F21BC4BDE009BDCFA /* Project object */ = {
			isa = PBXProject;
			attributes = {
				LastSwiftUpdateCheck = 1010;
				LastUpgradeCheck = 1010;
				ORGANIZATIONNAME = appwhip;
				TargetAttributes = {
					791DD02621BC4BDF009BDCFA = {
						CreatedOnToolsVersion = 10.1;
					};
				};
			};
			buildConfigurationList = 791DD02221BC4BDE009BDCFA /* Build configuration list for PBXProject "Todoey" */;
			compatibilityVersion = "Xcode 9.3";
			developmentRegion = en;
			hasScannedForEncodings = 0;
			knownRegions = (
				en,
				Base,
			);
			mainGroup = 791DD01E21BC4BDE009BDCFA;
			productRefGroup = 791DD02821BC4BDF009BDCFA /* Products */;
			projectDirPath = "";
			projectRoot = "";
			targets = (
				791DD02621BC4BDF009BDCFA /* Todoey */,
			);
		};
/* End PBXProject section */

/* Begin PBXResourcesBuildPhase section */
		791DD02521BC4BDF009BDCFA /* Resources */ = {
			isa = PBXResourcesBuildPhase;
			buildActionMask = 2147483647;
			files = (
				791DD03521BC4BE1009BDCFA /* LaunchScreen.storyboard in Resources */,
				791DD03221BC4BE1009BDCFA /* Assets.xcassets in Resources */,
				791DD03021BC4BDF009BDCFA /* Main.storyboard in Resources */,
			);
			runOnlyForDeploymentPostprocessing = 0;
		};
/* End PBXResourcesBuildPhase section */

/* Begin PBXSourcesBuildPhase section */
		791DD02321BC4BDF009BDCFA /* Sources */ = {
			isa = PBXSourcesBuildPhase;
			buildActionMask = 2147483647;
			files = (
				791DD02D21BC4BDF009BDCFA /* ToDoListViewController.swift in Sources */,
				794229A121BECA8300DBE60B /* Item.swift in Sources */,
				791DD02B21BC4BDF009BDCFA /* AppDelegate.swift in Sources */,
			);
			runOnlyForDeploymentPostprocessing = 0;
		};
/* End PBXSourcesBuildPhase section */

/* Begin PBXVariantGroup section */
		791DD02E21BC4BDF009BDCFA /* Main.storyboard */ = {
			isa = PBXVariantGroup;
			children = (
				791DD02F21BC4BDF009BDCFA /* Base */,
			);
			name = Main.storyboard;
			sourceTree = "<group>";
		};
		791DD03321BC4BE1009BDCFA /* LaunchScreen.storyboard */ = {
			isa = PBXVariantGroup;
			children = (
				791DD03421BC4BE1009BDCFA /* Base */,
			);
			name = LaunchScreen.storyboard;
			sourceTree = "<group>";
		};
/* End PBXVariantGroup section */

/* Begin XCBuildConfiguration section */
		791DD03721BC4BE1009BDCFA /* Debug */ = {
			isa = XCBuildConfiguration;
			buildSettings = {
				ALWAYS_SEARCH_USER_PATHS = NO;
				CLANG_ANALYZER_NONNULL = YES;
				CLANG_ANALYZER_NUMBER_OBJECT_CONVERSION = YES_AGGRESSIVE;
				CLANG_CXX_LANGUAGE_STANDARD = "gnu++14";
				CLANG_CXX_LIBRARY = "libc++";
				CLANG_ENABLE_MODULES = YES;
				CLANG_ENABLE_OBJC_ARC = YES;
				CLANG_ENABLE_OBJC_WEAK = YES;
				CLANG_WARN_BLOCK_CAPTURE_AUTORELEASING = YES;
				CLANG_WARN_BOOL_CONVERSION = YES;
				CLANG_WARN_COMMA = YES;
				CLANG_WARN_CONSTANT_CONVERSION = YES;
				CLANG_WARN_DEPRECATED_OBJC_IMPLEMENTATIONS = YES;
				CLANG_WARN_DIRECT_OBJC_ISA_USAGE = YES_ERROR;
				CLANG_WARN_DOCUMENTATION_COMMENTS = YES;
				CLANG_WARN_EMPTY_BODY = YES;
				CLANG_WARN_ENUM_CONVERSION = YES;
				CLANG_WARN_INFINITE_RECURSION = YES;
				CLANG_WARN_INT_CONVERSION = YES;
				CLANG_WARN_NON_LITERAL_NULL_CONVERSION = YES;
				CLANG_WARN_OBJC_IMPLICIT_RETAIN_SELF = YES;
				CLANG_WARN_OBJC_LITERAL_CONVERSION = YES;
				CLANG_WARN_OBJC_ROOT_CLASS = YES_ERROR;
				CLANG_WARN_RANGE_LOOP_ANALYSIS = YES;
				CLANG_WARN_STRICT_PROTOTYPES = YES;
				CLANG_WARN_SUSPICIOUS_MOVE = YES;
				CLANG_WARN_UNGUARDED_AVAILABILITY = YES_AGGRESSIVE;
				CLANG_WARN_UNREACHABLE_CODE = YES;
				CLANG_WARN__DUPLICATE_METHOD_MATCH = YES;
				CODE_SIGN_IDENTITY = "iPhone Developer";
				COPY_PHASE_STRIP = NO;
				DEBUG_INFORMATION_FORMAT = dwarf;
				ENABLE_STRICT_OBJC_MSGSEND = YES;
				ENABLE_TESTABILITY = YES;
				GCC_C_LANGUAGE_STANDARD = gnu11;
				GCC_DYNAMIC_NO_PIC = NO;
				GCC_NO_COMMON_BLOCKS = YES;
				GCC_OPTIMIZATION_LEVEL = 0;
				GCC_PREPROCESSOR_DEFINITIONS = (
					"DEBUG=1",
					"$(inherited)",
				);
				GCC_WARN_64_TO_32_BIT_CONVERSION = YES;
				GCC_WARN_ABOUT_RETURN_TYPE = YES_ERROR;
				GCC_WARN_UNDECLARED_SELECTOR = YES;
				GCC_WARN_UNINITIALIZED_AUTOS = YES_AGGRESSIVE;
				GCC_WARN_UNUSED_FUNCTION = YES;
				GCC_WARN_UNUSED_VARIABLE = YES;
				IPHONEOS_DEPLOYMENT_TARGET = 12.1;
				MTL_ENABLE_DEBUG_INFO = INCLUDE_SOURCE;
				MTL_FAST_MATH = YES;
				ONLY_ACTIVE_ARCH = YES;
				SDKROOT = iphoneos;
				SWIFT_ACTIVE_COMPILATION_CONDITIONS = DEBUG;
				SWIFT_OPTIMIZATION_LEVEL = "-Onone";
			};
			name = Debug;
		};
		791DD03821BC4BE1009BDCFA /* Release */ = {
			isa = XCBuildConfiguration;
			buildSettings = {
				ALWAYS_SEARCH_USER_PATHS = NO;
				CLANG_ANALYZER_NONNULL = YES;
				CLANG_ANALYZER_NUMBER_OBJECT_CONVERSION = YES_AGGRESSIVE;
				CLANG_CXX_LANGUAGE_STANDARD = "gnu++14";
				CLANG_CXX_LIBRARY = "libc++";
				CLANG_ENABLE_MODULES = YES;
				CLANG_ENABLE_OBJC_ARC = YES;
				CLANG_ENABLE_OBJC_WEAK = YES;
				CLANG_WARN_BLOCK_CAPTURE_AUTORELEASING = YES;
				CLANG_WARN_BOOL_CONVERSION = YES;
				CLANG_WARN_COMMA = YES;
				CLANG_WARN_CONSTANT_CONVERSION = YES;
				CLANG_WARN_DEPRECATED_OBJC_IMPLEMENTATIONS = YES;
				CLANG_WARN_DIRECT_OBJC_ISA_USAGE = YES_ERROR;
				CLANG_WARN_DOCUMENTATION_COMMENTS = YES;
				CLANG_WARN_EMPTY_BODY = YES;
				CLANG_WARN_ENUM_CONVERSION = YES;
				CLANG_WARN_INFINITE_RECURSION = YES;
				CLANG_WARN_INT_CONVERSION = YES;
				CLANG_WARN_NON_LITERAL_NULL_CONVERSION = YES;
				CLANG_WARN_OBJC_IMPLICIT_RETAIN_SELF = YES;
				CLANG_WARN_OBJC_LITERAL_CONVERSION = YES;
				CLANG_WARN_OBJC_ROOT_CLASS = YES_ERROR;
				CLANG_WARN_RANGE_LOOP_ANALYSIS = YES;
				CLANG_WARN_STRICT_PROTOTYPES = YES;
				CLANG_WARN_SUSPICIOUS_MOVE = YES;
				CLANG_WARN_UNGUARDED_AVAILABILITY = YES_AGGRESSIVE;
				CLANG_WARN_UNREACHABLE_CODE = YES;
				CLANG_WARN__DUPLICATE_METHOD_MATCH = YES;
				CODE_SIGN_IDENTITY = "iPhone Developer";
				COPY_PHASE_STRIP = NO;
				DEBUG_INFORMATION_FORMAT = "dwarf-with-dsym";
				ENABLE_NS_ASSERTIONS = NO;
				ENABLE_STRICT_OBJC_MSGSEND = YES;
				GCC_C_LANGUAGE_STANDARD = gnu11;
				GCC_NO_COMMON_BLOCKS = YES;
				GCC_WARN_64_TO_32_BIT_CONVERSION = YES;
				GCC_WARN_ABOUT_RETURN_TYPE = YES_ERROR;
				GCC_WARN_UNDECLARED_SELECTOR = YES;
				GCC_WARN_UNINITIALIZED_AUTOS = YES_AGGRESSIVE;
				GCC_WARN_UNUSED_FUNCTION = YES;
				GCC_WARN_UNUSED_VARIABLE = YES;
				IPHONEOS_DEPLOYMENT_TARGET = 12.1;
				MTL_ENABLE_DEBUG_INFO = NO;
				MTL_FAST_MATH = YES;
				SDKROOT = iphoneos;
				SWIFT_COMPILATION_MODE = wholemodule;
				SWIFT_OPTIMIZATION_LEVEL = "-O";
				VALIDATE_PRODUCT = YES;
			};
			name = Release;
		};
		791DD03A21BC4BE1009BDCFA /* Debug */ = {
			isa = XCBuildConfiguration;
			buildSettings = {
				ASSETCATALOG_COMPILER_APPICON_NAME = AppIcon;
				CODE_SIGN_STYLE = Automatic;
				DEVELOPMENT_TEAM = 6XEC35E8K3;
				INFOPLIST_FILE = Todoey/Info.plist;
				LD_RUNPATH_SEARCH_PATHS = (
					"$(inherited)",
					"@executable_path/Frameworks",
				);
				PRODUCT_BUNDLE_IDENTIFIER = com.appwhip.Todoey;
				PRODUCT_NAME = "$(TARGET_NAME)";
				SWIFT_VERSION = 4.2;
				TARGETED_DEVICE_FAMILY = "1,2";
			};
			name = Debug;
		};
		791DD03B21BC4BE1009BDCFA /* Release */ = {
			isa = XCBuildConfiguration;
			buildSettings = {
				ASSETCATALOG_COMPILER_APPICON_NAME = AppIcon;
				CODE_SIGN_STYLE = Automatic;
				DEVELOPMENT_TEAM = 6XEC35E8K3;
				INFOPLIST_FILE = Todoey/Info.plist;
				LD_RUNPATH_SEARCH_PATHS = (
					"$(inherited)",
					"@executable_path/Frameworks",
				);
				PRODUCT_BUNDLE_IDENTIFIER = com.appwhip.Todoey;
				PRODUCT_NAME = "$(TARGET_NAME)";
				SWIFT_VERSION = 4.2;
				TARGETED_DEVICE_FAMILY = "1,2";
			};
			name = Release;
		};
/* End XCBuildConfiguration section */

/* Begin XCConfigurationList section */
		791DD02221BC4BDE009BDCFA /* Build configuration list for PBXProject "Todoey" */ = {
			isa = XCConfigurationList;
			buildConfigurations = (
				791DD03721BC4BE1009BDCFA /* Debug */,
				791DD03821BC4BE1009BDCFA /* Release */,
			);
			defaultConfigurationIsVisible = 0;
			defaultConfigurationName = Release;
		};
		791DD03921BC4BE1009BDCFA /* Build configuration list for PBXNativeTarget "Todoey" */ = {
			isa = XCConfigurationList;
			buildConfigurations = (
				791DD03A21BC4BE1009BDCFA /* Debug */,
				791DD03B21BC4BE1009BDCFA /* Release */,
			);
			defaultConfigurationIsVisible = 0;
			defaultConfigurationName = Release;
		};
/* End XCConfigurationList section */
	};
	rootObject = 791DD01F21BC4BDE009BDCFA /* Project object */;
}
